
Microsoft Visual Studio Solution File, Format Version 12.00
# Visual Studio Version 16
VisualStudioVersion = 16.0.29102.190
MinimumVisualStudioVersion = 10.0.40219.1
Project("{FAE04EC0-301F-11D3-BF4B-00C04F79EFBC}") = "WebApplication1", "WebApplication1\WebApplication1.csproj", "{222E9BAE-4CD8-4C57-9F66-E778C0E01E7E}"
EndProject
Global
	GlobalSection(SolutionConfigurationPlatforms) = preSolution
		Debug|Any CPU = Debug|Any CPU
		Release|Any CPU = Release|Any CPU
	EndGlobalSection
	GlobalSection(ProjectConfigurationPlatforms) = postSolution
		{222E9BAE-4CD8-4C57-9F66-E778C0E01E7E}.Debug|Any CPU.ActiveCfg = Debug|Any CPU
		{222E9BAE-4CD8-4C57-9F66-E778C0E01E7E}.Debug|Any CPU.Build.0 = Debug|Any CPU
		{222E9BAE-4CD8-4C57-9F66-E778C0E01E7E}.Release|Any CPU.ActiveCfg = Release|Any CPU
		{222E9BAE-4CD8-4C57-9F66-E778C0E01E7E}.Release|Any CPU.Build.0 = Release|Any CPU
	EndGlobalSection
	GlobalSection(SolutionProperties) = preSolution
		HideSolutionNode = FALSE
	EndGlobalSection
	GlobalSection(ExtensibilityGlobals) = postSolution
		SolutionGuid = {05DB7A2E-15C7-49CE-AC89-0E7BA5EE5EF2}
	EndGlobalSection
EndGlobal
